// !$*UTF8*$!
{
	archiveVersion = 1;
	classes = {
	};
	objectVersion = 50;
	objects = {

/* Begin PBXBuildFile section */
		069620D426CA51D300878B78 /* LazyVGridView.swift in Sources */ = {isa = PBXBuildFile; fileRef = 069620D326CA51D300878B78 /* LazyVGridView.swift */; };
		069620D626CA592B00878B78 /* ScrollViewReaderLib.swift in Sources */ = {isa = PBXBuildFile; fileRef = 069620D526CA592B00878B78 /* ScrollViewReaderLib.swift */; };
		069620D826CA5D5900878B78 /* ButtonView.swift in Sources */ = {isa = PBXBuildFile; fileRef = 069620D726CA5D5900878B78 /* ButtonView.swift */; };
		069620DA26CA60CB00878B78 /* ColorPickerView.swift in Sources */ = {isa = PBXBuildFile; fileRef = 069620D926CA60CB00878B78 /* ColorPickerView.swift */; };
		069620DC26CA621B00878B78 /* DatePickerView.swift in Sources */ = {isa = PBXBuildFile; fileRef = 069620DB26CA621B00878B78 /* DatePickerView.swift */; };
		06A2B24C26C8412100920D8B /* masterinviewsApp.swift in Sources */ = {isa = PBXBuildFile; fileRef = 06A2B24B26C8412100920D8B /* masterinviewsApp.swift */; };
		06A2B24E26C8412100920D8B /* VStackView.swift in Sources */ = {isa = PBXBuildFile; fileRef = 06A2B24D26C8412100920D8B /* VStackView.swift */; };
		06A2B25026C8412300920D8B /* Assets.xcassets in Resources */ = {isa = PBXBuildFile; fileRef = 06A2B24F26C8412300920D8B /* Assets.xcassets */; };
		06A2B25326C8412300920D8B /* Preview Assets.xcassets in Resources */ = {isa = PBXBuildFile; fileRef = 06A2B25226C8412300920D8B /* Preview Assets.xcassets */; };
		06A2B25B26C8440E00920D8B /* LazyVStackView.swift in Sources */ = {isa = PBXBuildFile; fileRef = 06A2B25A26C8440E00920D8B /* LazyVStackView.swift */; };
		06A2B25D26C8473300920D8B /* HStackView.swift in Sources */ = {isa = PBXBuildFile; fileRef = 06A2B25C26C8473300920D8B /* HStackView.swift */; };
		06A2B25F26C84C9700920D8B /* LazyHStackView.swift in Sources */ = {isa = PBXBuildFile; fileRef = 06A2B25E26C84C9700920D8B /* LazyHStackView.swift */; };
		06A2B26126C850AC00920D8B /* ZStackView.swift in Sources */ = {isa = PBXBuildFile; fileRef = 06A2B26026C850AC00920D8B /* ZStackView.swift */; };
		06A2B26326C8556E00920D8B /* SpacerView.swift in Sources */ = {isa = PBXBuildFile; fileRef = 06A2B26226C8556E00920D8B /* SpacerView.swift */; };
		06A2B26526C8568E00920D8B /* GeometryReaderSection.swift in Sources */ = {isa = PBXBuildFile; fileRef = 06A2B26426C8568E00920D8B /* GeometryReaderSection.swift */; };
		06A2B26726C858FA00920D8B /* LazyHGridView.swift in Sources */ = {isa = PBXBuildFile; fileRef = 06A2B26626C858FA00920D8B /* LazyHGridView.swift */; };
/* End PBXBuildFile section */

/* Begin PBXFileReference section */
		069620D326CA51D300878B78 /* LazyVGridView.swift */ = {isa = PBXFileReference; lastKnownFileType = sourcecode.swift; path = LazyVGridView.swift; sourceTree = "<group>"; };
		069620D526CA592B00878B78 /* ScrollViewReaderLib.swift */ = {isa = PBXFileReference; lastKnownFileType = sourcecode.swift; path = ScrollViewReaderLib.swift; sourceTree = "<group>"; };
		069620D726CA5D5900878B78 /* ButtonView.swift */ = {isa = PBXFileReference; lastKnownFileType = sourcecode.swift; path = ButtonView.swift; sourceTree = "<group>"; };
		069620D926CA60CB00878B78 /* ColorPickerView.swift */ = {isa = PBXFileReference; lastKnownFileType = sourcecode.swift; path = ColorPickerView.swift; sourceTree = "<group>"; };
		069620DB26CA621B00878B78 /* DatePickerView.swift */ = {isa = PBXFileReference; lastKnownFileType = sourcecode.swift; path = DatePickerView.swift; sourceTree = "<group>"; };
		06A2B24826C8412100920D8B /* masterinviews.app */ = {isa = PBXFileReference; explicitFileType = wrapper.application; includeInIndex = 0; path = masterinviews.app; sourceTree = BUILT_PRODUCTS_DIR; };
		06A2B24B26C8412100920D8B /* masterinviewsApp.swift */ = {isa = PBXFileReference; lastKnownFileType = sourcecode.swift; path = masterinviewsApp.swift; sourceTree = "<group>"; };
		06A2B24D26C8412100920D8B /* VStackView.swift */ = {isa = PBXFileReference; lastKnownFileType = sourcecode.swift; path = VStackView.swift; sourceTree = "<group>"; };
		06A2B24F26C8412300920D8B /* Assets.xcassets */ = {isa = PBXFileReference; lastKnownFileType = folder.assetcatalog; path = Assets.xcassets; sourceTree = "<group>"; };
		06A2B25226C8412300920D8B /* Preview Assets.xcassets */ = {isa = PBXFileReference; lastKnownFileType = folder.assetcatalog; path = "Preview Assets.xcassets"; sourceTree = "<group>"; };
		06A2B25426C8412300920D8B /* Info.plist */ = {isa = PBXFileReference; lastKnownFileType = text.plist.xml; path = Info.plist; sourceTree = "<group>"; };
		06A2B25A26C8440E00920D8B /* LazyVStackView.swift */ = {isa = PBXFileReference; lastKnownFileType = sourcecode.swift; path = LazyVStackView.swift; sourceTree = "<group>"; };
		06A2B25C26C8473300920D8B /* HStackView.swift */ = {isa = PBXFileReference; lastKnownFileType = sourcecode.swift; path = HStackView.swift; sourceTree = "<group>"; };
		06A2B25E26C84C9700920D8B /* LazyHStackView.swift */ = {isa = PBXFileReference; lastKnownFileType = sourcecode.swift; path = LazyHStackView.swift; sourceTree = "<group>"; };
		06A2B26026C850AC00920D8B /* ZStackView.swift */ = {isa = PBXFileReference; lastKnownFileType = sourcecode.swift; path = ZStackView.swift; sourceTree = "<group>"; };
		06A2B26226C8556E00920D8B /* SpacerView.swift */ = {isa = PBXFileReference; lastKnownFileType = sourcecode.swift; path = SpacerView.swift; sourceTree = "<group>"; };
		06A2B26426C8568E00920D8B /* GeometryReaderSection.swift */ = {isa = PBXFileReference; lastKnownFileType = sourcecode.swift; path = GeometryReaderSection.swift; sourceTree = "<group>"; };
		06A2B26626C858FA00920D8B /* LazyHGridView.swift */ = {isa = PBXFileReference; lastKnownFileType = sourcecode.swift; path = LazyHGridView.swift; sourceTree = "<group>"; };
/* End PBXFileReference section */

/* Begin PBXFrameworksBuildPhase section */
		06A2B24526C8412100920D8B /* Frameworks */ = {
			isa = PBXFrameworksBuildPhase;
			buildActionMask = 2147483647;
			files = (
			);
			runOnlyForDeploymentPostprocessing = 0;
		};
/* End PBXFrameworksBuildPhase section */

/* Begin PBXGroup section */
		06A2B23F26C8412100920D8B = {
			isa = PBXGroup;
			children = (
				06A2B24A26C8412100920D8B /* masterinviews */,
				06A2B24926C8412100920D8B /* Products */,
			);
			sourceTree = "<group>";
		};
		06A2B24926C8412100920D8B /* Products */ = {
			isa = PBXGroup;
			children = (
				06A2B24826C8412100920D8B /* masterinviews.app */,
			);
			name = Products;
			sourceTree = "<group>";
		};
		06A2B24A26C8412100920D8B /* masterinviews */ = {
			isa = PBXGroup;
			children = (
				06A2B24B26C8412100920D8B /* masterinviewsApp.swift */,
				06A2B24F26C8412300920D8B /* Assets.xcassets */,
				06A2B25426C8412300920D8B /* Info.plist */,
				06A2B25126C8412300920D8B /* Preview Content */,
				06A2B24D26C8412100920D8B /* VStackView.swift */,
				06A2B25A26C8440E00920D8B /* LazyVStackView.swift */,
				06A2B25C26C8473300920D8B /* HStackView.swift */,
				06A2B25E26C84C9700920D8B /* LazyHStackView.swift */,
				06A2B26026C850AC00920D8B /* ZStackView.swift */,
				06A2B26226C8556E00920D8B /* SpacerView.swift */,
				06A2B26426C8568E00920D8B /* GeometryReaderSection.swift */,
				06A2B26626C858FA00920D8B /* LazyHGridView.swift */,
				069620D326CA51D300878B78 /* LazyVGridView.swift */,
				069620D526CA592B00878B78 /* ScrollViewReaderLib.swift */,
				069620D726CA5D5900878B78 /* ButtonView.swift */,
				069620D926CA60CB00878B78 /* ColorPickerView.swift */,
				069620DB26CA621B00878B78 /* DatePickerView.swift */,
			);
			path = masterinviews;
			sourceTree = "<group>";
		};
		06A2B25126C8412300920D8B /* Preview Content */ = {
			isa = PBXGroup;
			children = (
				06A2B25226C8412300920D8B /* Preview Assets.xcassets */,
			);
			path = "Preview Content";
			sourceTree = "<group>";
		};
/* End PBXGroup section */

/* Begin PBXNativeTarget section */
		06A2B24726C8412100920D8B /* masterinviews */ = {
			isa = PBXNativeTarget;
			buildConfigurationList = 06A2B25726C8412300920D8B /* Build configuration list for PBXNativeTarget "masterinviews" */;
			buildPhases = (
				06A2B24426C8412100920D8B /* Sources */,
				06A2B24526C8412100920D8B /* Frameworks */,
				06A2B24626C8412100920D8B /* Resources */,
			);
			buildRules = (
			);
			dependencies = (
			);
			name = masterinviews;
			productName = masterinviews;
			productReference = 06A2B24826C8412100920D8B /* masterinviews.app */;
			productType = "com.apple.product-type.application";
		};
/* End PBXNativeTarget section */

/* Begin PBXProject section */
		06A2B24026C8412100920D8B /* Project object */ = {
			isa = PBXProject;
			attributes = {
				LastSwiftUpdateCheck = 1250;
				LastUpgradeCheck = 1250;
				TargetAttributes = {
					06A2B24726C8412100920D8B = {
						CreatedOnToolsVersion = 12.5.1;
					};
				};
			};
			buildConfigurationList = 06A2B24326C8412100920D8B /* Build configuration list for PBXProject "masterinviews" */;
			compatibilityVersion = "Xcode 9.3";
			developmentRegion = en;
			hasScannedForEncodings = 0;
			knownRegions = (
				en,
				Base,
			);
			mainGroup = 06A2B23F26C8412100920D8B;
			productRefGroup = 06A2B24926C8412100920D8B /* Products */;
			projectDirPath = "";
			projectRoot = "";
			targets = (
				06A2B24726C8412100920D8B /* masterinviews */,
			);
		};
/* End PBXProject section */

/* Begin PBXResourcesBuildPhase section */
		06A2B24626C8412100920D8B /* Resources */ = {
			isa = PBXResourcesBuildPhase;
			buildActionMask = 2147483647;
			files = (
				06A2B25326C8412300920D8B /* Preview Assets.xcassets in Resources */,
				06A2B25026C8412300920D8B /* Assets.xcassets in Resources */,
			);
			runOnlyForDeploymentPostprocessing = 0;
		};
/* End PBXResourcesBuildPhase section */

/* Begin PBXSourcesBuildPhase section */
		06A2B24426C8412100920D8B /* Sources */ = {
			isa = PBXSourcesBuildPhase;
			buildActionMask = 2147483647;
			files = (
				06A2B26326C8556E00920D8B /* SpacerView.swift in Sources */,
				069620DC26CA621B00878B78 /* DatePickerView.swift in Sources */,
				06A2B25D26C8473300920D8B /* HStackView.swift in Sources */,
				069620D826CA5D5900878B78 /* ButtonView.swift in Sources */,
				06A2B26526C8568E00920D8B /* GeometryReaderSection.swift in Sources */,
				06A2B26726C858FA00920D8B /* LazyHGridView.swift in Sources */,
				06A2B24E26C8412100920D8B /* VStackView.swift in Sources */,
				069620D426CA51D300878B78 /* LazyVGridView.swift in Sources */,
				06A2B26126C850AC00920D8B /* ZStackView.swift in Sources */,
				06A2B24C26C8412100920D8B /* masterinviewsApp.swift in Sources */,
				06A2B25B26C8440E00920D8B /* LazyVStackView.swift in Sources */,
				069620D626CA592B00878B78 /* ScrollViewReaderLib.swift in Sources */,
				069620DA26CA60CB00878B78 /* ColorPickerView.swift in Sources */,
				06A2B25F26C84C9700920D8B /* LazyHStackView.swift in Sources */,
			);
			runOnlyForDeploymentPostprocessing = 0;
		};
/* End PBXSourcesBuildPhase section */

/* Begin XCBuildConfiguration section */
		06A2B25526C8412300920D8B /* Debug */ = {
			isa = XCBuildConfiguration;
			buildSettings = {
				ALWAYS_SEARCH_USER_PATHS = NO;
				CLANG_ANALYZER_NONNULL = YES;
				CLANG_ANALYZER_NUMBER_OBJECT_CONVERSION = YES_AGGRESSIVE;
				CLANG_CXX_LANGUAGE_STANDARD = "gnu++14";
				CLANG_CXX_LIBRARY = "libc++";
				CLANG_ENABLE_MODULES = YES;
				CLANG_ENABLE_OBJC_ARC = YES;
				CLANG_ENABLE_OBJC_WEAK = YES;
				CLANG_WARN_BLOCK_CAPTURE_AUTORELEASING = YES;
				CLANG_WARN_BOOL_CONVERSION = YES;
				CLANG_WARN_COMMA = YES;
				CLANG_WARN_CONSTANT_CONVERSION = YES;
				CLANG_WARN_DEPRECATED_OBJC_IMPLEMENTATIONS = YES;
				CLANG_WARN_DIRECT_OBJC_ISA_USAGE = YES_ERROR;
				CLANG_WARN_DOCUMENTATION_COMMENTS = YES;
				CLANG_WARN_EMPTY_BODY = YES;
				CLANG_WARN_ENUM_CONVERSION = YES;
				CLANG_WARN_INFINITE_RECURSION = YES;
				CLANG_WARN_INT_CONVERSION = YES;
				CLANG_WARN_NON_LITERAL_NULL_CONVERSION = YES;
				CLANG_WARN_OBJC_IMPLICIT_RETAIN_SELF = YES;
				CLANG_WARN_OBJC_LITERAL_CONVERSION = YES;
				CLANG_WARN_OBJC_ROOT_CLASS = YES_ERROR;
				CLANG_WARN_QUOTED_INCLUDE_IN_FRAMEWORK_HEADER = YES;
				CLANG_WARN_RANGE_LOOP_ANALYSIS = YES;
				CLANG_WARN_STRICT_PROTOTYPES = YES;
				CLANG_WARN_SUSPICIOUS_MOVE = YES;
				CLANG_WARN_UNGUARDED_AVAILABILITY = YES_AGGRESSIVE;
				CLANG_WARN_UNREACHABLE_CODE = YES;
				CLANG_WARN__DUPLICATE_METHOD_MATCH = YES;
				COPY_PHASE_STRIP = NO;
				DEBUG_INFORMATION_FORMAT = dwarf;
				ENABLE_STRICT_OBJC_MSGSEND = YES;
				ENABLE_TESTABILITY = YES;
				GCC_C_LANGUAGE_STANDARD = gnu11;
				GCC_DYNAMIC_NO_PIC = NO;
				GCC_NO_COMMON_BLOCKS = YES;
				GCC_OPTIMIZATION_LEVEL = 0;
				GCC_PREPROCESSOR_DEFINITIONS = (
					"DEBUG=1",
					"$(inherited)",
				);
				GCC_WARN_64_TO_32_BIT_CONVERSION = YES;
				GCC_WARN_ABOUT_RETURN_TYPE = YES_ERROR;
				GCC_WARN_UNDECLARED_SELECTOR = YES;
				GCC_WARN_UNINITIALIZED_AUTOS = YES_AGGRESSIVE;
				GCC_WARN_UNUSED_FUNCTION = YES;
				GCC_WARN_UNUSED_VARIABLE = YES;
				IPHONEOS_DEPLOYMENT_TARGET = 14.5;
				MTL_ENABLE_DEBUG_INFO = INCLUDE_SOURCE;
				MTL_FAST_MATH = YES;
				ONLY_ACTIVE_ARCH = YES;
				SDKROOT = iphoneos;
				SWIFT_ACTIVE_COMPILATION_CONDITIONS = DEBUG;
				SWIFT_OPTIMIZATION_LEVEL = "-Onone";
			};
			name = Debug;
		};
		06A2B25626C8412300920D8B /* Release */ = {
			isa = XCBuildConfiguration;
			buildSettings = {
				ALWAYS_SEARCH_USER_PATHS = NO;
				CLANG_ANALYZER_NONNULL = YES;
				CLANG_ANALYZER_NUMBER_OBJECT_CONVERSION = YES_AGGRESSIVE;
				CLANG_CXX_LANGUAGE_STANDARD = "gnu++14";
				CLANG_CXX_LIBRARY = "libc++";
				CLANG_ENABLE_MODULES = YES;
				CLANG_ENABLE_OBJC_ARC = YES;
				CLANG_ENABLE_OBJC_WEAK = YES;
				CLANG_WARN_BLOCK_CAPTURE_AUTORELEASING = YES;
				CLANG_WARN_BOOL_CONVERSION = YES;
				CLANG_WARN_COMMA = YES;
				CLANG_WARN_CONSTANT_CONVERSION = YES;
				CLANG_WARN_DEPRECATED_OBJC_IMPLEMENTATIONS = YES;
				CLANG_WARN_DIRECT_OBJC_ISA_USAGE = YES_ERROR;
				CLANG_WARN_DOCUMENTATION_COMMENTS = YES;
				CLANG_WARN_EMPTY_BODY = YES;
				CLANG_WARN_ENUM_CONVERSION = YES;
				CLANG_WARN_INFINITE_RECURSION = YES;
				CLANG_WARN_INT_CONVERSION = YES;
				CLANG_WARN_NON_LITERAL_NULL_CONVERSION = YES;
				CLANG_WARN_OBJC_IMPLICIT_RETAIN_SELF = YES;
				CLANG_WARN_OBJC_LITERAL_CONVERSION = YES;
				CLANG_WARN_OBJC_ROOT_CLASS = YES_ERROR;
				CLANG_WARN_QUOTED_INCLUDE_IN_FRAMEWORK_HEADER = YES;
				CLANG_WARN_RANGE_LOOP_ANALYSIS = YES;
				CLANG_WARN_STRICT_PROTOTYPES = YES;
				CLANG_WARN_SUSPICIOUS_MOVE = YES;
				CLANG_WARN_UNGUARDED_AVAILABILITY = YES_AGGRESSIVE;
				CLANG_WARN_UNREACHABLE_CODE = YES;
				CLANG_WARN__DUPLICATE_METHOD_MATCH = YES;
				COPY_PHASE_STRIP = NO;
				DEBUG_INFORMATION_FORMAT = "dwarf-with-dsym";
				ENABLE_NS_ASSERTIONS = NO;
				ENABLE_STRICT_OBJC_MSGSEND = YES;
				GCC_C_LANGUAGE_STANDARD = gnu11;
				GCC_NO_COMMON_BLOCKS = YES;
				GCC_WARN_64_TO_32_BIT_CONVERSION = YES;
				GCC_WARN_ABOUT_RETURN_TYPE = YES_ERROR;
				GCC_WARN_UNDECLARED_SELECTOR = YES;
				GCC_WARN_UNINITIALIZED_AUTOS = YES_AGGRESSIVE;
				GCC_WARN_UNUSED_FUNCTION = YES;
				GCC_WARN_UNUSED_VARIABLE = YES;
				IPHONEOS_DEPLOYMENT_TARGET = 14.5;
				MTL_ENABLE_DEBUG_INFO = NO;
				MTL_FAST_MATH = YES;
				SDKROOT = iphoneos;
				SWIFT_COMPILATION_MODE = wholemodule;
				SWIFT_OPTIMIZATION_LEVEL = "-O";
				VALIDATE_PRODUCT = YES;
			};
			name = Release;
		};
		06A2B25826C8412300920D8B /* Debug */ = {
			isa = XCBuildConfiguration;
			buildSettings = {
				ASSETCATALOG_COMPILER_APPICON_NAME = AppIcon;
				ASSETCATALOG_COMPILER_GLOBAL_ACCENT_COLOR_NAME = AccentColor;
				CODE_SIGN_STYLE = Automatic;
				DEVELOPMENT_ASSET_PATHS = "\"masterinviews/Preview Content\"";
				DEVELOPMENT_TEAM = 4XFFP8A6J5;
				ENABLE_PREVIEWS = YES;
				INFOPLIST_FILE = masterinviews/Info.plist;
				IPHONEOS_DEPLOYMENT_TARGET = 14.0;
				LD_RUNPATH_SEARCH_PATHS = (
					"$(inherited)",
					"@executable_path/Frameworks",
				);
				PRODUCT_BUNDLE_IDENTIFIER = com.gpcoders.masterinviews;
				PRODUCT_NAME = "$(TARGET_NAME)";
				SWIFT_VERSION = 5.0;
				TARGETED_DEVICE_FAMILY = "1,2";
			};
			name = Debug;
		};
		06A2B25926C8412300920D8B /* Release */ = {
			isa = XCBuildConfiguration;
			buildSettings = {
				ASSETCATALOG_COMPILER_APPICON_NAME = AppIcon;
				ASSETCATALOG_COMPILER_GLOBAL_ACCENT_COLOR_NAME = AccentColor;
				CODE_SIGN_STYLE = Automatic;
				DEVELOPMENT_ASSET_PATHS = "\"masterinviews/Preview Content\"";
				DEVELOPMENT_TEAM = 4XFFP8A6J5;
				ENABLE_PREVIEWS = YES;
				INFOPLIST_FILE = masterinviews/Info.plist;
				IPHONEOS_DEPLOYMENT_TARGET = 14.0;
				LD_RUNPATH_SEARCH_PATHS = (
					"$(inherited)",
					"@executable_path/Frameworks",
				);
				PRODUCT_BUNDLE_IDENTIFIER = com.gpcoders.masterinviews;
				PRODUCT_NAME = "$(TARGET_NAME)";
				SWIFT_VERSION = 5.0;
				TARGETED_DEVICE_FAMILY = "1,2";
			};
			name = Release;
		};
/* End XCBuildConfiguration section */

/* Begin XCConfigurationList section */
		06A2B24326C8412100920D8B /* Build configuration list for PBXProject "masterinviews" */ = {
			isa = XCConfigurationList;
			buildConfigurations = (
				06A2B25526C8412300920D8B /* Debug */,
				06A2B25626C8412300920D8B /* Release */,
			);
			defaultConfigurationIsVisible = 0;
			defaultConfigurationName = Release;
		};
		06A2B25726C8412300920D8B /* Build configuration list for PBXNativeTarget "masterinviews" */ = {
			isa = XCConfigurationList;
			buildConfigurations = (
				06A2B25826C8412300920D8B /* Debug */,
				06A2B25926C8412300920D8B /* Release */,
			);
			defaultConfigurationIsVisible = 0;
			defaultConfigurationName = Release;
		};
/* End XCConfigurationList section */
	};
	rootObject = 06A2B24026C8412100920D8B /* Project object */;
}
